{
  "name": "DSA",
  "lockfileVersion": 2,
  "requires": true,
  "packages": {
    "": {
      "dependencies": {
        "@datastructures-js/priority-queue": "^6.3.3",
        "heap": "^0.2.7",
        "queue-fifo": "^0.2.6"
      }
    },
    "node_modules/@datastructures-js/heap": {
      "version": "4.3.3",
      "resolved": "https://registry.npmjs.org/@datastructures-js/heap/-/heap-4.3.3.tgz",
      "integrity": "sha512-UcUu/DLh/aM4W3C8zZfwxxm6/6FIZUlm3mcAXuNOCa6Aj4iizNvNXQyb8DjZQH2jKSQbMRyNlngP6TPimuGjpQ==",
      "license": "MIT"
    },
    "node_modules/@datastructures-js/priority-queue": {
      "version": "6.3.3",
      "resolved": "https://registry.npmjs.org/@datastructures-js/priority-queue/-/priority-queue-6.3.3.tgz",
      "integrity": "sha512-CIbUf0h4TPu1tHJ2gV4OTjwPkh7XZNb37u44bwoW6Py2vPdgaRUhFh3qFET6jvhyMNq/+ChWfOBRh+9s5WUtvA==",
      "license": "MIT",
      "dependencies": {
        "@datastructures-js/heap": "^4.3.3"
      }
    },
    "node_modules/dbly-linked-list": {
      "version": "0.3.4",
      "resolved": "https://registry.npmjs.org/dbly-linked-list/-/dbly-linked-list-0.3.4.tgz",
      "integrity": "sha512-327vOlwspi9i1T3Kc9yZhRUR8qDdgMQ4HmXsFDDCQ/HTc3sNe7gnF5b0UrsnaOJ0rvmG7yBZpK0NoOux9rKYKw==",
      "dependencies": {
        "lodash.isequal": "^4.5.0"
      }
    },
    "node_modules/heap": {
      "version": "0.2.7",
      "resolved": "https://registry.npmjs.org/heap/-/heap-0.2.7.tgz",
      "integrity": "sha512-2bsegYkkHO+h/9MGbn6KWcE45cHZgPANo5LXF7EvWdT0yT2EguSVO1nDgU5c8+ZOPwp2vMNa7YFsJhVcDR9Sdg=="
    },
    "node_modules/lodash.isequal": {
      "version": "4.5.0",
      "resolved": "https://registry.npmjs.org/lodash.isequal/-/lodash.isequal-4.5.0.tgz",
      "integrity": "sha1-QVxEePK8wwEgwizhDtMib30+GOA="
    },
    "node_modules/queue-fifo": {
      "version": "0.2.6",
      "resolved": "https://registry.npmjs.org/queue-fifo/-/queue-fifo-0.2.6.tgz",
      "integrity": "sha512-rwlnZHAaTmWEGKC7ziasK8u4QnZW/uN6kSiG+tHNf/1GA+R32FArZi18s3SYUpKcA0Y6jJoUDn5GT3Anoc2mWw==",
      "dependencies": {
        "dbly-linked-list": "0.3.4"
      }
    }
  },
  "dependencies": {
    "@datastructures-js/heap": {
      "version": "4.3.3",
      "resolved": "https://registry.npmjs.org/@datastructures-js/heap/-/heap-4.3.3.tgz",
      "integrity": "sha512-UcUu/DLh/aM4W3C8zZfwxxm6/6FIZUlm3mcAXuNOCa6Aj4iizNvNXQyb8DjZQH2jKSQbMRyNlngP6TPimuGjpQ=="
    },
    "@datastructures-js/priority-queue": {
      "version": "6.3.3",
      "resolved": "https://registry.npmjs.org/@datastructures-js/priority-queue/-/priority-queue-6.3.3.tgz",
      "integrity": "sha512-CIbUf0h4TPu1tHJ2gV4OTjwPkh7XZNb37u44bwoW6Py2vPdgaRUhFh3qFET6jvhyMNq/+ChWfOBRh+9s5WUtvA==",
      "requires": {
        "@datastructures-js/heap": "^4.3.3"
      }
    },
    "dbly-linked-list": {
      "version": "0.3.4",
      "resolved": "https://registry.npmjs.org/dbly-linked-list/-/dbly-linked-list-0.3.4.tgz",
      "integrity": "sha512-327vOlwspi9i1T3Kc9yZhRUR8qDdgMQ4HmXsFDDCQ/HTc3sNe7gnF5b0UrsnaOJ0rvmG7yBZpK0NoOux9rKYKw==",
      "requires": {
        "lodash.isequal": "^4.5.0"
      }
    },
    "heap": {
      "version": "0.2.7",
      "resolved": "https://registry.npmjs.org/heap/-/heap-0.2.7.tgz",
      "integrity": "sha512-2bsegYkkHO+h/9MGbn6KWcE45cHZgPANo5LXF7EvWdT0yT2EguSVO1nDgU5c8+ZOPwp2vMNa7YFsJhVcDR9Sdg=="
    },
    "lodash.isequal": {
      "version": "4.5.0",
      "resolved": "https://registry.npmjs.org/lodash.isequal/-/lodash.isequal-4.5.0.tgz",
      "integrity": "sha1-QVxEePK8wwEgwizhDtMib30+GOA="
    },
    "queue-fifo": {
      "version": "0.2.6",
      "resolved": "https://registry.npmjs.org/queue-fifo/-/queue-fifo-0.2.6.tgz",
      "integrity": "sha512-rwlnZHAaTmWEGKC7ziasK8u4QnZW/uN6kSiG+tHNf/1GA+R32FArZi18s3SYUpKcA0Y6jJoUDn5GT3Anoc2mWw==",
      "requires": {
        "dbly-linked-list": "0.3.4"
      }
    }
  }
}
